{
  "nodes": {
    "nixpkgs": {
      "locked": {
        "lastModified": 1738615802,
        "narHash": "sha256-qfmqjQcCabp0QthUfFGQjvUbhNBZYULsmRsr2kkCCtg=",
        "owner": "NixOS",
        "repo": "nixpkgs",
        "rev": "494b2407ef95997176211a8758638205916873a9",
        "type": "github"
      },
      "original": {
        "owner": "NixOS",
        "ref": "nixpkgs-unstable",
        "repo": "nixpkgs",
        "type": "github"
      }
    },
    "root": {
      "inputs": {
        "nixpkgs": "nixpkgs"
      }
    }
  },
  "root": "root",
  "version": 7
}
